
Microsoft Visual Studio Solution File, Format Version 12.00
# Visual Studio Version 17
VisualStudioVersion = 17.0.31717.71
MinimumVisualStudioVersion = 10.0.40219.1
Project("{2150E333-8FDC-42A3-9474-1A3956D46DE8}") = "src", "src", "{EEB0FA42-C505-4F57-9B7F-3675739AF439}"
EndProject
Project("{9A19103F-16F7-4668-BE54-9A1E7A4F7556}") = "UnityDevelopmentBuildMaker", "src\UnityDevelopmentBuildMaker\UnityDevelopmentBuildMaker.csproj", "{98F163D1-C718-4BDB-B4F0-D4ECE7EF3E86}"
EndProject
Global
	GlobalSection(SolutionConfigurationPlatforms) = preSolution
		Debug|Any CPU = Debug|Any CPU
		Release|Any CPU = Release|Any CPU
	EndGlobalSection
	GlobalSection(ProjectConfigurationPlatforms) = postSolution
		{98F163D1-C718-4BDB-B4F0-D4ECE7EF3E86}.Debug|Any CPU.ActiveCfg = Debug|Any CPU
		{98F163D1-C718-4BDB-B4F0-D4ECE7EF3E86}.Debug|Any CPU.Build.0 = Debug|Any CPU
		{98F163D1-C718-4BDB-B4F0-D4ECE7EF3E86}.Release|Any CPU.ActiveCfg = Release|Any CPU
		{98F163D1-C718-4BDB-B4F0-D4ECE7EF3E86}.Release|Any CPU.Build.0 = Release|Any CPU
	EndGlobalSection
	GlobalSection(SolutionProperties) = preSolution
		HideSolutionNode = FALSE
	EndGlobalSection
	GlobalSection(NestedProjects) = preSolution
		{98F163D1-C718-4BDB-B4F0-D4ECE7EF3E86} = {EEB0FA42-C505-4F57-9B7F-3675739AF439}
	EndGlobalSection
	GlobalSection(ExtensibilityGlobals) = postSolution
		SolutionGuid = {9B7B1069-25A2-41BC-ABCA-825FE50A7330}
	EndGlobalSection
EndGlobal
